
Microsoft Visual Studio Solution File, Format Version 12.00
# Visual Studio 15
VisualStudioVersion = 15.0.28307.136
MinimumVisualStudioVersion = 10.0.40219.1
Project("{FAE04EC0-301F-11D3-BF4B-00C04F79EFBC}") = "FormatError", "FormatError\FormatError.csproj", "{2FF27D89-58B7-4E16-A2B4-2AC3F734EDE8}"
EndProject
Global
	GlobalSection(SolutionConfigurationPlatforms) = preSolution
		Debug|Any CPU = Debug|Any CPU
		Release|Any CPU = Release|Any CPU
	EndGlobalSection
	GlobalSection(ProjectConfigurationPlatforms) = postSolution
		{2FF27D89-58B7-4E16-A2B4-2AC3F734EDE8}.Debug|Any CPU.ActiveCfg = Debug|Any CPU
		{2FF27D89-58B7-4E16-A2B4-2AC3F734EDE8}.Debug|Any CPU.Build.0 = Debug|Any CPU
		{2FF27D89-58B7-4E16-A2B4-2AC3F734EDE8}.Release|Any CPU.ActiveCfg = Release|Any CPU
		{2FF27D89-58B7-4E16-A2B4-2AC3F734EDE8}.Release|Any CPU.Build.0 = Release|Any CPU
	EndGlobalSection
	GlobalSection(SolutionProperties) = preSolution
		HideSolutionNode = FALSE
	EndGlobalSection
	GlobalSection(ExtensibilityGlobals) = postSolution
		SolutionGuid = {4BB9CEC4-8D90-44CA-840B-65C0CD6FD5E6}
	EndGlobalSection
EndGlobal
